
Microsoft Visual Studio Solution File, Format Version 10.00
# Visual Studio 2008
Project("{F2A71F9B-5D33-465A-A702-920D77279786}") = "ezql", "ezql.fsproj", "{D1E5D2C4-42FA-496D-82E7-E5BAF0C32B81}"
EndProject
Global
	GlobalSection(SolutionConfigurationPlatforms) = preSolution
		Debug|Any CPU = Debug|Any CPU
		Release|Any CPU = Release|Any CPU
	EndGlobalSection
	GlobalSection(ProjectConfigurationPlatforms) = postSolution
		{D1E5D2C4-42FA-496D-82E7-E5BAF0C32B81}.Debug|Any CPU.ActiveCfg = Debug|Any CPU
		{D1E5D2C4-42FA-496D-82E7-E5BAF0C32B81}.Debug|Any CPU.Build.0 = Debug|Any CPU
		{D1E5D2C4-42FA-496D-82E7-E5BAF0C32B81}.Release|Any CPU.ActiveCfg = Release|Any CPU
		{D1E5D2C4-42FA-496D-82E7-E5BAF0C32B81}.Release|Any CPU.Build.0 = Release|Any CPU
	EndGlobalSection
	GlobalSection(SolutionProperties) = preSolution
		HideSolutionNode = FALSE
	EndGlobalSection
EndGlobal
